// !$*UTF8*$!
{
	archiveVersion = 1;
	classes = {
	};
	objectVersion = 56;
	objects = {

/* Begin PBXBuildFile section */
		F90B3BEB2CFB8A0F00207381 /* LandingPageVC.swift in Sources */ = {isa = PBXBuildFile; fileRef = F90B3BEA2CFB8A0F00207381 /* LandingPageVC.swift */; };
		F90B3BEE2CFB8B0100207381 /* CustomTabBar.swift in Sources */ = {isa = PBXBuildFile; fileRef = F90B3BED2CFB8B0100207381 /* CustomTabBar.swift */; };
		F99C7B492CFAEB210073CE61 /* AppDelegate.swift in Sources */ = {isa = PBXBuildFile; fileRef = F99C7B482CFAEB210073CE61 /* AppDelegate.swift */; };
		F99C7B4B2CFAEB210073CE61 /* SceneDelegate.swift in Sources */ = {isa = PBXBuildFile; fileRef = F99C7B4A2CFAEB210073CE61 /* SceneDelegate.swift */; };
		F99C7B502CFAEB210073CE61 /* Base in Resources */ = {isa = PBXBuildFile; fileRef = F99C7B4F2CFAEB210073CE61 /* Base */; };
		F99C7B532CFAEB210073CE61 /* Sip_Goal.xcdatamodeld in Sources */ = {isa = PBXBuildFile; fileRef = F99C7B512CFAEB210073CE61 /* Sip_Goal.xcdatamodeld */; };
		F99C7B552CFAEB230073CE61 /* Assets.xcassets in Resources */ = {isa = PBXBuildFile; fileRef = F99C7B542CFAEB230073CE61 /* Assets.xcassets */; };
		F99C7B582CFAEB230073CE61 /* Base in Resources */ = {isa = PBXBuildFile; fileRef = F99C7B572CFAEB230073CE61 /* Base */; };
		F99C7B602CFB522B0073CE61 /* LoginVC.swift in Sources */ = {isa = PBXBuildFile; fileRef = F99C7B5F2CFB522B0073CE61 /* LoginVC.swift */; };
		F99C7B632CFB538D0073CE61 /* CustomizationVC.swift in Sources */ = {isa = PBXBuildFile; fileRef = F99C7B622CFB538D0073CE61 /* CustomizationVC.swift */; };
/* End PBXBuildFile section */

/* Begin PBXFileReference section */
		F90B3BEA2CFB8A0F00207381 /* LandingPageVC.swift */ = {isa = PBXFileReference; lastKnownFileType = sourcecode.swift; path = LandingPageVC.swift; sourceTree = "<group>"; };
		F90B3BED2CFB8B0100207381 /* CustomTabBar.swift */ = {isa = PBXFileReference; lastKnownFileType = sourcecode.swift; path = CustomTabBar.swift; sourceTree = "<group>"; };
		F99C7B452CFAEB210073CE61 /* Sip Goal.app */ = {isa = PBXFileReference; explicitFileType = wrapper.application; includeInIndex = 0; path = "Sip Goal.app"; sourceTree = BUILT_PRODUCTS_DIR; };
		F99C7B482CFAEB210073CE61 /* AppDelegate.swift */ = {isa = PBXFileReference; lastKnownFileType = sourcecode.swift; path = AppDelegate.swift; sourceTree = "<group>"; };
		F99C7B4A2CFAEB210073CE61 /* SceneDelegate.swift */ = {isa = PBXFileReference; lastKnownFileType = sourcecode.swift; path = SceneDelegate.swift; sourceTree = "<group>"; };
		F99C7B4F2CFAEB210073CE61 /* Base */ = {isa = PBXFileReference; lastKnownFileType = file.storyboard; name = Base; path = Base.lproj/Main.storyboard; sourceTree = "<group>"; };
		F99C7B522CFAEB210073CE61 /* Sip_Goal.xcdatamodel */ = {isa = PBXFileReference; lastKnownFileType = wrapper.xcdatamodel; path = Sip_Goal.xcdatamodel; sourceTree = "<group>"; };
		F99C7B542CFAEB230073CE61 /* Assets.xcassets */ = {isa = PBXFileReference; lastKnownFileType = folder.assetcatalog; path = Assets.xcassets; sourceTree = "<group>"; };
		F99C7B572CFAEB230073CE61 /* Base */ = {isa = PBXFileReference; lastKnownFileType = file.storyboard; name = Base; path = Base.lproj/LaunchScreen.storyboard; sourceTree = "<group>"; };
		F99C7B592CFAEB230073CE61 /* Info.plist */ = {isa = PBXFileReference; lastKnownFileType = text.plist.xml; path = Info.plist; sourceTree = "<group>"; };
		F99C7B5F2CFB522B0073CE61 /* LoginVC.swift */ = {isa = PBXFileReference; lastKnownFileType = sourcecode.swift; path = LoginVC.swift; sourceTree = "<group>"; };
		F99C7B622CFB538D0073CE61 /* CustomizationVC.swift */ = {isa = PBXFileReference; lastKnownFileType = sourcecode.swift; path = CustomizationVC.swift; sourceTree = "<group>"; };
/* End PBXFileReference section */

/* Begin PBXFrameworksBuildPhase section */
		F99C7B422CFAEB210073CE61 /* Frameworks */ = {
			isa = PBXFrameworksBuildPhase;
			buildActionMask = 2147483647;
			files = (
			);
			runOnlyForDeploymentPostprocessing = 0;
		};
/* End PBXFrameworksBuildPhase section */

/* Begin PBXGroup section */
		F90B3BEC2CFB8ADD00207381 /* CustomView */ = {
			isa = PBXGroup;
			children = (
				F90B3BED2CFB8B0100207381 /* CustomTabBar.swift */,
			);
			path = CustomView;
			sourceTree = "<group>";
		};
		F99C7B3C2CFAEB210073CE61 = {
			isa = PBXGroup;
			children = (
				F99C7B472CFAEB210073CE61 /* Sip Goal */,
				F99C7B462CFAEB210073CE61 /* Products */,
			);
			sourceTree = "<group>";
		};
		F99C7B462CFAEB210073CE61 /* Products */ = {
			isa = PBXGroup;
			children = (
				F99C7B452CFAEB210073CE61 /* Sip Goal.app */,
			);
			name = Products;
			sourceTree = "<group>";
		};
		F99C7B472CFAEB210073CE61 /* Sip Goal */ = {
			isa = PBXGroup;
			children = (
				F99C7B482CFAEB210073CE61 /* AppDelegate.swift */,
				F99C7B4A2CFAEB210073CE61 /* SceneDelegate.swift */,
				F90B3BEC2CFB8ADD00207381 /* CustomView */,
				F99C7B612CFB536D0073CE61 /* Controller */,
				F99C7B4E2CFAEB210073CE61 /* Main.storyboard */,
				F99C7B542CFAEB230073CE61 /* Assets.xcassets */,
				F99C7B562CFAEB230073CE61 /* LaunchScreen.storyboard */,
				F99C7B592CFAEB230073CE61 /* Info.plist */,
				F99C7B512CFAEB210073CE61 /* Sip_Goal.xcdatamodeld */,
			);
			path = "Sip Goal";
			sourceTree = "<group>";
		};
		F99C7B612CFB536D0073CE61 /* Controller */ = {
			isa = PBXGroup;
			children = (
				F99C7B5F2CFB522B0073CE61 /* LoginVC.swift */,
				F99C7B622CFB538D0073CE61 /* CustomizationVC.swift */,
				F90B3BEA2CFB8A0F00207381 /* LandingPageVC.swift */,
			);
			path = Controller;
			sourceTree = "<group>";
		};
/* End PBXGroup section */

/* Begin PBXNativeTarget section */
		F99C7B442CFAEB210073CE61 /* Sip Goal */ = {
			isa = PBXNativeTarget;
			buildConfigurationList = F99C7B5C2CFAEB230073CE61 /* Build configuration list for PBXNativeTarget "Sip Goal" */;
			buildPhases = (
				F99C7B412CFAEB210073CE61 /* Sources */,
				F99C7B422CFAEB210073CE61 /* Frameworks */,
				F99C7B432CFAEB210073CE61 /* Resources */,
			);
			buildRules = (
			);
			dependencies = (
			);
			name = "Sip Goal";
			productName = "Sip Goal";
			productReference = F99C7B452CFAEB210073CE61 /* Sip Goal.app */;
			productType = "com.apple.product-type.application";
		};
/* End PBXNativeTarget section */

/* Begin PBXProject section */
		F99C7B3D2CFAEB210073CE61 /* Project object */ = {
			isa = PBXProject;
			attributes = {
				BuildIndependentTargetsInParallel = 1;
				LastSwiftUpdateCheck = 1530;
				LastUpgradeCheck = 1530;
				TargetAttributes = {
					F99C7B442CFAEB210073CE61 = {
						CreatedOnToolsVersion = 15.3;
					};
				};
			};
			buildConfigurationList = F99C7B402CFAEB210073CE61 /* Build configuration list for PBXProject "Sip Goal" */;
			compatibilityVersion = "Xcode 14.0";
			developmentRegion = en;
			hasScannedForEncodings = 0;
			knownRegions = (
				en,
				Base,
			);
			mainGroup = F99C7B3C2CFAEB210073CE61;
			productRefGroup = F99C7B462CFAEB210073CE61 /* Products */;
			projectDirPath = "";
			projectRoot = "";
			targets = (
				F99C7B442CFAEB210073CE61 /* Sip Goal */,
			);
		};
/* End PBXProject section */

/* Begin PBXResourcesBuildPhase section */
		F99C7B432CFAEB210073CE61 /* Resources */ = {
			isa = PBXResourcesBuildPhase;
			buildActionMask = 2147483647;
			files = (
				F99C7B552CFAEB230073CE61 /* Assets.xcassets in Resources */,
				F99C7B582CFAEB230073CE61 /* Base in Resources */,
				F99C7B502CFAEB210073CE61 /* Base in Resources */,
			);
			runOnlyForDeploymentPostprocessing = 0;
		};
/* End PBXResourcesBuildPhase section */

/* Begin PBXSourcesBuildPhase section */
		F99C7B412CFAEB210073CE61 /* Sources */ = {
			isa = PBXSourcesBuildPhase;
			buildActionMask = 2147483647;
			files = (
				F99C7B492CFAEB210073CE61 /* AppDelegate.swift in Sources */,
				F99C7B632CFB538D0073CE61 /* CustomizationVC.swift in Sources */,
				F90B3BEE2CFB8B0100207381 /* CustomTabBar.swift in Sources */,
				F99C7B4B2CFAEB210073CE61 /* SceneDelegate.swift in Sources */,
				F90B3BEB2CFB8A0F00207381 /* LandingPageVC.swift in Sources */,
				F99C7B532CFAEB210073CE61 /* Sip_Goal.xcdatamodeld in Sources */,
				F99C7B602CFB522B0073CE61 /* LoginVC.swift in Sources */,
			);
			runOnlyForDeploymentPostprocessing = 0;
		};
/* End PBXSourcesBuildPhase section */

/* Begin PBXVariantGroup section */
		F99C7B4E2CFAEB210073CE61 /* Main.storyboard */ = {
			isa = PBXVariantGroup;
			children = (
				F99C7B4F2CFAEB210073CE61 /* Base */,
			);
			name = Main.storyboard;
			sourceTree = "<group>";
		};
		F99C7B562CFAEB230073CE61 /* LaunchScreen.storyboard */ = {
			isa = PBXVariantGroup;
			children = (
				F99C7B572CFAEB230073CE61 /* Base */,
			);
			name = LaunchScreen.storyboard;
			sourceTree = "<group>";
		};
/* End PBXVariantGroup section */

/* Begin XCBuildConfiguration section */
		F99C7B5A2CFAEB230073CE61 /* Debug */ = {
			isa = XCBuildConfiguration;
			buildSettings = {
				ALWAYS_SEARCH_USER_PATHS = NO;
				ASSETCATALOG_COMPILER_GENERATE_SWIFT_ASSET_SYMBOL_EXTENSIONS = YES;
				CLANG_ANALYZER_NONNULL = YES;
				CLANG_ANALYZER_NUMBER_OBJECT_CONVERSION = YES_AGGRESSIVE;
				CLANG_CXX_LANGUAGE_STANDARD = "gnu++20";
				CLANG_ENABLE_MODULES = YES;
				CLANG_ENABLE_OBJC_ARC = YES;
				CLANG_ENABLE_OBJC_WEAK = YES;
				CLANG_WARN_BLOCK_CAPTURE_AUTORELEASING = YES;
				CLANG_WARN_BOOL_CONVERSION = YES;
				CLANG_WARN_COMMA = YES;
				CLANG_WARN_CONSTANT_CONVERSION = YES;
				CLANG_WARN_DEPRECATED_OBJC_IMPLEMENTATIONS = YES;
				CLANG_WARN_DIRECT_OBJC_ISA_USAGE = YES_ERROR;
				CLANG_WARN_DOCUMENTATION_COMMENTS = YES;
				CLANG_WARN_EMPTY_BODY = YES;
				CLANG_WARN_ENUM_CONVERSION = YES;
				CLANG_WARN_INFINITE_RECURSION = YES;
				CLANG_WARN_INT_CONVERSION = YES;
				CLANG_WARN_NON_LITERAL_NULL_CONVERSION = YES;
				CLANG_WARN_OBJC_IMPLICIT_RETAIN_SELF = YES;
				CLANG_WARN_OBJC_LITERAL_CONVERSION = YES;
				CLANG_WARN_OBJC_ROOT_CLASS = YES_ERROR;
				CLANG_WARN_QUOTED_INCLUDE_IN_FRAMEWORK_HEADER = YES;
				CLANG_WARN_RANGE_LOOP_ANALYSIS = YES;
				CLANG_WARN_STRICT_PROTOTYPES = YES;
				CLANG_WARN_SUSPICIOUS_MOVE = YES;
				CLANG_WARN_UNGUARDED_AVAILABILITY = YES_AGGRESSIVE;
				CLANG_WARN_UNREACHABLE_CODE = YES;
				CLANG_WARN__DUPLICATE_METHOD_MATCH = YES;
				COPY_PHASE_STRIP = NO;
				DEBUG_INFORMATION_FORMAT = dwarf;
				ENABLE_STRICT_OBJC_MSGSEND = YES;
				ENABLE_TESTABILITY = YES;
				ENABLE_USER_SCRIPT_SANDBOXING = YES;
				GCC_C_LANGUAGE_STANDARD = gnu17;
				GCC_DYNAMIC_NO_PIC = NO;
				GCC_NO_COMMON_BLOCKS = YES;
				GCC_OPTIMIZATION_LEVEL = 0;
				GCC_PREPROCESSOR_DEFINITIONS = (
					"DEBUG=1",
					"$(inherited)",
				);
				GCC_WARN_64_TO_32_BIT_CONVERSION = YES;
				GCC_WARN_ABOUT_RETURN_TYPE = YES_ERROR;
				GCC_WARN_UNDECLARED_SELECTOR = YES;
				GCC_WARN_UNINITIALIZED_AUTOS = YES_AGGRESSIVE;
				GCC_WARN_UNUSED_FUNCTION = YES;
				GCC_WARN_UNUSED_VARIABLE = YES;
				IPHONEOS_DEPLOYMENT_TARGET = 12.0;
				LOCALIZATION_PREFERS_STRING_CATALOGS = YES;
				MTL_ENABLE_DEBUG_INFO = INCLUDE_SOURCE;
				MTL_FAST_MATH = YES;
				ONLY_ACTIVE_ARCH = YES;
				SDKROOT = iphoneos;
				SWIFT_ACTIVE_COMPILATION_CONDITIONS = "DEBUG $(inherited)";
				SWIFT_OPTIMIZATION_LEVEL = "-Onone";
			};
			name = Debug;
		};
		F99C7B5B2CFAEB230073CE61 /* Release */ = {
			isa = XCBuildConfiguration;
			buildSettings = {
				ALWAYS_SEARCH_USER_PATHS = NO;
				ASSETCATALOG_COMPILER_GENERATE_SWIFT_ASSET_SYMBOL_EXTENSIONS = YES;
				CLANG_ANALYZER_NONNULL = YES;
				CLANG_ANALYZER_NUMBER_OBJECT_CONVERSION = YES_AGGRESSIVE;
				CLANG_CXX_LANGUAGE_STANDARD = "gnu++20";
				CLANG_ENABLE_MODULES = YES;
				CLANG_ENABLE_OBJC_ARC = YES;
				CLANG_ENABLE_OBJC_WEAK = YES;
				CLANG_WARN_BLOCK_CAPTURE_AUTORELEASING = YES;
				CLANG_WARN_BOOL_CONVERSION = YES;
				CLANG_WARN_COMMA = YES;
				CLANG_WARN_CONSTANT_CONVERSION = YES;
				CLANG_WARN_DEPRECATED_OBJC_IMPLEMENTATIONS = YES;
				CLANG_WARN_DIRECT_OBJC_ISA_USAGE = YES_ERROR;
				CLANG_WARN_DOCUMENTATION_COMMENTS = YES;
				CLANG_WARN_EMPTY_BODY = YES;
				CLANG_WARN_ENUM_CONVERSION = YES;
				CLANG_WARN_INFINITE_RECURSION = YES;
				CLANG_WARN_INT_CONVERSION = YES;
				CLANG_WARN_NON_LITERAL_NULL_CONVERSION = YES;
				CLANG_WARN_OBJC_IMPLICIT_RETAIN_SELF = YES;
				CLANG_WARN_OBJC_LITERAL_CONVERSION = YES;
				CLANG_WARN_OBJC_ROOT_CLASS = YES_ERROR;
				CLANG_WARN_QUOTED_INCLUDE_IN_FRAMEWORK_HEADER = YES;
				CLANG_WARN_RANGE_LOOP_ANALYSIS = YES;
				CLANG_WARN_STRICT_PROTOTYPES = YES;
				CLANG_WARN_SUSPICIOUS_MOVE = YES;
				CLANG_WARN_UNGUARDED_AVAILABILITY = YES_AGGRESSIVE;
				CLANG_WARN_UNREACHABLE_CODE = YES;
				CLANG_WARN__DUPLICATE_METHOD_MATCH = YES;
				COPY_PHASE_STRIP = NO;
				DEBUG_INFORMATION_FORMAT = "dwarf-with-dsym";
				ENABLE_NS_ASSERTIONS = NO;
				ENABLE_STRICT_OBJC_MSGSEND = YES;
				ENABLE_USER_SCRIPT_SANDBOXING = YES;
				GCC_C_LANGUAGE_STANDARD = gnu17;
				GCC_NO_COMMON_BLOCKS = YES;
				GCC_WARN_64_TO_32_BIT_CONVERSION = YES;
				GCC_WARN_ABOUT_RETURN_TYPE = YES_ERROR;
				GCC_WARN_UNDECLARED_SELECTOR = YES;
				GCC_WARN_UNINITIALIZED_AUTOS = YES_AGGRESSIVE;
				GCC_WARN_UNUSED_FUNCTION = YES;
				GCC_WARN_UNUSED_VARIABLE = YES;
				IPHONEOS_DEPLOYMENT_TARGET = 12.0;
				LOCALIZATION_PREFERS_STRING_CATALOGS = YES;
				MTL_ENABLE_DEBUG_INFO = NO;
				MTL_FAST_MATH = YES;
				SDKROOT = iphoneos;
				SWIFT_COMPILATION_MODE = wholemodule;
				VALIDATE_PRODUCT = YES;
			};
			name = Release;
		};
		F99C7B5D2CFAEB230073CE61 /* Debug */ = {
			isa = XCBuildConfiguration;
			buildSettings = {
				ASSETCATALOG_COMPILER_APPICON_NAME = AppIcon;
				ASSETCATALOG_COMPILER_GLOBAL_ACCENT_COLOR_NAME = AccentColor;
				CODE_SIGN_STYLE = Automatic;
				CURRENT_PROJECT_VERSION = 1;
				DEVELOPMENT_TEAM = 3S485CA7WN;
				GENERATE_INFOPLIST_FILE = YES;
				INFOPLIST_FILE = "Sip Goal/Info.plist";
				INFOPLIST_KEY_UIApplicationSupportsIndirectInputEvents = YES;
				INFOPLIST_KEY_UILaunchStoryboardName = LaunchScreen;
				INFOPLIST_KEY_UIMainStoryboardFile = Main;
				INFOPLIST_KEY_UISupportedInterfaceOrientations_iPad = "UIInterfaceOrientationPortrait UIInterfaceOrientationPortraitUpsideDown UIInterfaceOrientationLandscapeLeft UIInterfaceOrientationLandscapeRight";
				INFOPLIST_KEY_UISupportedInterfaceOrientations_iPhone = "UIInterfaceOrientationPortrait UIInterfaceOrientationLandscapeLeft UIInterfaceOrientationLandscapeRight";
				LD_RUNPATH_SEARCH_PATHS = (
					"$(inherited)",
					"@executable_path/Frameworks",
				);
				MARKETING_VERSION = 1.0;
				PRODUCT_BUNDLE_IDENTIFIER = "com.idsnext.Sip-Goal";
				PRODUCT_NAME = "$(TARGET_NAME)";
				SWIFT_EMIT_LOC_STRINGS = YES;
				SWIFT_VERSION = 5.0;
				TARGETED_DEVICE_FAMILY = "1,2";
			};
			name = Debug;
		};
		F99C7B5E2CFAEB230073CE61 /* Release */ = {
			isa = XCBuildConfiguration;
			buildSettings = {
				ASSETCATALOG_COMPILER_APPICON_NAME = AppIcon;
				ASSETCATALOG_COMPILER_GLOBAL_ACCENT_COLOR_NAME = AccentColor;
				CODE_SIGN_STYLE = Automatic;
				CURRENT_PROJECT_VERSION = 1;
				DEVELOPMENT_TEAM = 3S485CA7WN;
				GENERATE_INFOPLIST_FILE = YES;
				INFOPLIST_FILE = "Sip Goal/Info.plist";
				INFOPLIST_KEY_UIApplicationSupportsIndirectInputEvents = YES;
				INFOPLIST_KEY_UILaunchStoryboardName = LaunchScreen;
				INFOPLIST_KEY_UIMainStoryboardFile = Main;
				INFOPLIST_KEY_UISupportedInterfaceOrientations_iPad = "UIInterfaceOrientationPortrait UIInterfaceOrientationPortraitUpsideDown UIInterfaceOrientationLandscapeLeft UIInterfaceOrientationLandscapeRight";
				INFOPLIST_KEY_UISupportedInterfaceOrientations_iPhone = "UIInterfaceOrientationPortrait UIInterfaceOrientationLandscapeLeft UIInterfaceOrientationLandscapeRight";
				LD_RUNPATH_SEARCH_PATHS = (
					"$(inherited)",
					"@executable_path/Frameworks",
				);
				MARKETING_VERSION = 1.0;
				PRODUCT_BUNDLE_IDENTIFIER = "com.idsnext.Sip-Goal";
				PRODUCT_NAME = "$(TARGET_NAME)";
				SWIFT_EMIT_LOC_STRINGS = YES;
				SWIFT_VERSION = 5.0;
				TARGETED_DEVICE_FAMILY = "1,2";
			};
			name = Release;
		};
/* End XCBuildConfiguration section */

/* Begin XCConfigurationList section */
		F99C7B402CFAEB210073CE61 /* Build configuration list for PBXProject "Sip Goal" */ = {
			isa = XCConfigurationList;
			buildConfigurations = (
				F99C7B5A2CFAEB230073CE61 /* Debug */,
				F99C7B5B2CFAEB230073CE61 /* Release */,
			);
			defaultConfigurationIsVisible = 0;
			defaultConfigurationName = Release;
		};
		F99C7B5C2CFAEB230073CE61 /* Build configuration list for PBXNativeTarget "Sip Goal" */ = {
			isa = XCConfigurationList;
			buildConfigurations = (
				F99C7B5D2CFAEB230073CE61 /* Debug */,
				F99C7B5E2CFAEB230073CE61 /* Release */,
			);
			defaultConfigurationIsVisible = 0;
			defaultConfigurationName = Release;
		};
/* End XCConfigurationList section */

/* Begin XCVersionGroup section */
		F99C7B512CFAEB210073CE61 /* Sip_Goal.xcdatamodeld */ = {
			isa = XCVersionGroup;
			children = (
				F99C7B522CFAEB210073CE61 /* Sip_Goal.xcdatamodel */,
			);
			currentVersion = F99C7B522CFAEB210073CE61 /* Sip_Goal.xcdatamodel */;
			path = Sip_Goal.xcdatamodeld;
			sourceTree = "<group>";
			versionGroupType = wrapper.xcdatamodel;
		};
/* End XCVersionGroup section */
	};
	rootObject = F99C7B3D2CFAEB210073CE61 /* Project object */;
}
